PODS:
  - Apollo (0.9.4):
    - Apollo/Core (= 0.9.4)
  - Apollo/Core (0.9.4)

DEPENDENCIES:
  - Apollo

SPEC REPOS:
  https://github.com/cocoapods/specs.git:
    - Apollo

SPEC CHECKSUMS:
  Apollo: 450856adbdebcdf28c3c671f81732ac3f9944065

PODFILE CHECKSUM: 676bc8cc184b8da0b420de53f82969e1a28d42b6

COCOAPODS: 1.6.1
