PODS:
  - Apollo (0.9.5):
    - Apollo/Core (= 0.9.5)
  - Apollo/Core (0.9.5)

DEPENDENCIES:
  - Apollo

SPEC REPOS:
  https://github.com/cocoapods/specs.git:
    - Apollo

SPEC CHECKSUMS:
  Apollo: 19caf3246d292bbb69ecad1bd098661f78222aba

PODFILE CHECKSUM: 676bc8cc184b8da0b420de53f82969e1a28d42b6

COCOAPODS: 1.6.1
